// !$*UTF8*$!
{
	archiveVersion = 1;
	classes = {
	};
	objectVersion = 48;
	objects = {

/* Begin PBXBuildFile section */
		312DB5501F6CD10A0055A1BD /* AppDelegate.swift in Sources */ = {isa = PBXBuildFile; fileRef = 312DB54F1F6CD10A0055A1BD /* AppDelegate.swift */; };
		312DB5521F6CD10A0055A1BD /* ViewController.swift in Sources */ = {isa = PBXBuildFile; fileRef = 312DB5511F6CD10A0055A1BD /* ViewController.swift */; };
		312DB5551F6CD10A0055A1BD /* Main.storyboard in Resources */ = {isa = PBXBuildFile; fileRef = 312DB5531F6CD10A0055A1BD /* Main.storyboard */; };
		312DB5571F6CD10A0055A1BD /* Assets.xcassets in Resources */ = {isa = PBXBuildFile; fileRef = 312DB5561F6CD10A0055A1BD /* Assets.xcassets */; };
		312DB55A1F6CD10A0055A1BD /* LaunchScreen.storyboard in Resources */ = {isa = PBXBuildFile; fileRef = 312DB5581F6CD10A0055A1BD /* LaunchScreen.storyboard */; };
/* End PBXBuildFile section */

/* Begin PBXFileReference section */
		312DB54C1F6CD10A0055A1BD /* DemoSingleScreenApp.app */ = {isa = PBXFileReference; explicitFileType = wrapper.application; includeInIndex = 0; path = DemoSingleScreenApp.app; sourceTree = BUILT_PRODUCTS_DIR; };
		312DB54F1F6CD10A0055A1BD /* AppDelegate.swift */ = {isa = PBXFileReference; lastKnownFileType = sourcecode.swift; path = AppDelegate.swift; sourceTree = "<group>"; };
		312DB5511F6CD10A0055A1BD /* ViewController.swift */ = {isa = PBXFileReference; lastKnownFileType = sourcecode.swift; path = ViewController.swift; sourceTree = "<group>"; };
		312DB5541F6CD10A0055A1BD /* Base */ = {isa = PBXFileReference; lastKnownFileType = file.storyboard; name = Base; path = Base.lproj/Main.storyboard; sourceTree = "<group>"; };
		312DB5561F6CD10A0055A1BD /* Assets.xcassets */ = {isa = PBXFileReference; lastKnownFileType = folder.assetcatalog; path = Assets.xcassets; sourceTree = "<group>"; };
		312DB5591F6CD10A0055A1BD /* Base */ = {isa = PBXFileReference; lastKnownFileType = file.storyboard; name = Base; path = Base.lproj/LaunchScreen.storyboard; sourceTree = "<group>"; };
		312DB55B1F6CD10A0055A1BD /* Info.plist */ = {isa = PBXFileReference; lastKnownFileType = text.plist.xml; path = Info.plist; sourceTree = "<group>"; };
/* End PBXFileReference section */

/* Begin PBXFrameworksBuildPhase section */
		312DB5491F6CD10A0055A1BD /* Frameworks */ = {
			isa = PBXFrameworksBuildPhase;
			buildActionMask = 2147483647;
			files = (
			);
			runOnlyForDeploymentPostprocessing = 0;
		};
/* End PBXFrameworksBuildPhase section */

/* Begin PBXGroup section */
		312DB5431F6CD10A0055A1BD = {
			isa = PBXGroup;
			children = (
				312DB54E1F6CD10A0055A1BD /* DemoSingleScreenApp */,
				312DB54D1F6CD10A0055A1BD /* Products */,
			);
			sourceTree = "<group>";
		};
		312DB54D1F6CD10A0055A1BD /* Products */ = {
			isa = PBXGroup;
			children = (
				312DB54C1F6CD10A0055A1BD /* DemoSingleScreenApp.app */,
			);
			name = Products;
			sourceTree = "<group>";
		};
		312DB54E1F6CD10A0055A1BD /* DemoSingleScreenApp */ = {
			isa = PBXGroup;
			children = (
				312DB54F1F6CD10A0055A1BD /* AppDelegate.swift */,
				312DB5511F6CD10A0055A1BD /* ViewController.swift */,
				312DB5531F6CD10A0055A1BD /* Main.storyboard */,
				312DB5561F6CD10A0055A1BD /* Assets.xcassets */,
				312DB5581F6CD10A0055A1BD /* LaunchScreen.storyboard */,
				312DB55B1F6CD10A0055A1BD /* Info.plist */,
			);
			path = DemoSingleScreenApp;
			sourceTree = "<group>";
		};
/* End PBXGroup section */

/* Begin PBXNativeTarget section */
		312DB54B1F6CD10A0055A1BD /* DemoSingleScreenApp */ = {
			isa = PBXNativeTarget;
			buildConfigurationList = 312DB55E1F6CD10A0055A1BD /* Build configuration list for PBXNativeTarget "DemoSingleScreenApp" */;
			buildPhases = (
				312DB5481F6CD10A0055A1BD /* Sources */,
				312DB5491F6CD10A0055A1BD /* Frameworks */,
				312DB54A1F6CD10A0055A1BD /* Resources */,
			);
			buildRules = (
			);
			dependencies = (
			);
			name = DemoSingleScreenApp;
			productName = DemoSingleScreenApp;
			productReference = 312DB54C1F6CD10A0055A1BD /* DemoSingleScreenApp.app */;
			productType = "com.apple.product-type.application";
		};
/* End PBXNativeTarget section */

/* Begin PBXProject section */
		312DB5441F6CD10A0055A1BD /* Project object */ = {
			isa = PBXProject;
			attributes = {
				LastSwiftUpdateCheck = 0900;
				LastUpgradeCheck = 0900;
				ORGANIZATIONNAME = "Josh Nicholls";
				TargetAttributes = {
					312DB54B1F6CD10A0055A1BD = {
						CreatedOnToolsVersion = 9.0;
						ProvisioningStyle = Automatic;
					};
				};
			};
			buildConfigurationList = 312DB5471F6CD10A0055A1BD /* Build configuration list for PBXProject "DemoSingleScreenApp" */;
			compatibilityVersion = "Xcode 8.0";
			developmentRegion = en;
			hasScannedForEncodings = 0;
			knownRegions = (
				en,
				Base,
			);
			mainGroup = 312DB5431F6CD10A0055A1BD;
			productRefGroup = 312DB54D1F6CD10A0055A1BD /* Products */;
			projectDirPath = "";
			projectRoot = "";
			targets = (
				312DB54B1F6CD10A0055A1BD /* DemoSingleScreenApp */,
			);
		};
/* End PBXProject section */

/* Begin PBXResourcesBuildPhase section */
		312DB54A1F6CD10A0055A1BD /* Resources */ = {
			isa = PBXResourcesBuildPhase;
			buildActionMask = 2147483647;
			files = (
				312DB55A1F6CD10A0055A1BD /* LaunchScreen.storyboard in Resources */,
				312DB5571F6CD10A0055A1BD /* Assets.xcassets in Resources */,
				312DB5551F6CD10A0055A1BD /* Main.storyboard in Resources */,
			);
			runOnlyForDeploymentPostprocessing = 0;
		};
/* End PBXResourcesBuildPhase section */

/* Begin PBXSourcesBuildPhase section */
		312DB5481F6CD10A0055A1BD /* Sources */ = {
			isa = PBXSourcesBuildPhase;
			buildActionMask = 2147483647;
			files = (
				312DB5521F6CD10A0055A1BD /* ViewController.swift in Sources */,
				312DB5501F6CD10A0055A1BD /* AppDelegate.swift in Sources */,
			);
			runOnlyForDeploymentPostprocessing = 0;
		};
/* End PBXSourcesBuildPhase section */

/* Begin PBXVariantGroup section */
		312DB5531F6CD10A0055A1BD /* Main.storyboard */ = {
			isa = PBXVariantGroup;
			children = (
				312DB5541F6CD10A0055A1BD /* Base */,
			);
			name = Main.storyboard;
			sourceTree = "<group>";
		};
		312DB5581F6CD10A0055A1BD /* LaunchScreen.storyboard */ = {
			isa = PBXVariantGroup;
			children = (
				312DB5591F6CD10A0055A1BD /* Base */,
			);
			name = LaunchScreen.storyboard;
			sourceTree = "<group>";
		};
/* End PBXVariantGroup section */

/* Begin XCBuildConfiguration section */
		312DB55C1F6CD10A0055A1BD /* Debug */ = {
			isa = XCBuildConfiguration;
			buildSettings = {
				ALWAYS_SEARCH_USER_PATHS = NO;
				CLANG_ANALYZER_NONNULL = YES;
				CLANG_ANALYZER_NUMBER_OBJECT_CONVERSION = YES_AGGRESSIVE;
				CLANG_CXX_LANGUAGE_STANDARD = "gnu++14";
				CLANG_CXX_LIBRARY = "libc++";
				CLANG_ENABLE_MODULES = YES;
				CLANG_ENABLE_OBJC_ARC = YES;
				CLANG_WARN_BLOCK_CAPTURE_AUTORELEASING = YES;
				CLANG_WARN_BOOL_CONVERSION = YES;
				CLANG_WARN_COMMA = YES;
				CLANG_WARN_CONSTANT_CONVERSION = YES;
				CLANG_WARN_DIRECT_OBJC_ISA_USAGE = YES_ERROR;
				CLANG_WARN_DOCUMENTATION_COMMENTS = YES;
				CLANG_WARN_EMPTY_BODY = YES;
				CLANG_WARN_ENUM_CONVERSION = YES;
				CLANG_WARN_INFINITE_RECURSION = YES;
				CLANG_WARN_INT_CONVERSION = YES;
				CLANG_WARN_NON_LITERAL_NULL_CONVERSION = YES;
				CLANG_WARN_OBJC_LITERAL_CONVERSION = YES;
				CLANG_WARN_OBJC_ROOT_CLASS = YES_ERROR;
				CLANG_WARN_RANGE_LOOP_ANALYSIS = YES;
				CLANG_WARN_STRICT_PROTOTYPES = YES;
				CLANG_WARN_SUSPICIOUS_MOVE = YES;
				CLANG_WARN_UNGUARDED_AVAILABILITY = YES_AGGRESSIVE;
				CLANG_WARN_UNREACHABLE_CODE = YES;
				CLANG_WARN__DUPLICATE_METHOD_MATCH = YES;
				CODE_SIGN_IDENTITY = "iPhone Developer";
				COPY_PHASE_STRIP = NO;
				DEBUG_INFORMATION_FORMAT = dwarf;
				ENABLE_STRICT_OBJC_MSGSEND = YES;
				ENABLE_TESTABILITY = YES;
				GCC_C_LANGUAGE_STANDARD = gnu11;
				GCC_DYNAMIC_NO_PIC = NO;
				GCC_NO_COMMON_BLOCKS = YES;
				GCC_OPTIMIZATION_LEVEL = 0;
				GCC_PREPROCESSOR_DEFINITIONS = (
					"DEBUG=1",
					"$(inherited)",
				);
				GCC_WARN_64_TO_32_BIT_CONVERSION = YES;
				GCC_WARN_ABOUT_RETURN_TYPE = YES_ERROR;
				GCC_WARN_UNDECLARED_SELECTOR = YES;
				GCC_WARN_UNINITIALIZED_AUTOS = YES_AGGRESSIVE;
				GCC_WARN_UNUSED_FUNCTION = YES;
				GCC_WARN_UNUSED_VARIABLE = YES;
				IPHONEOS_DEPLOYMENT_TARGET = 11.0;
				MTL_ENABLE_DEBUG_INFO = YES;
				ONLY_ACTIVE_ARCH = YES;
				SDKROOT = iphoneos;
				SWIFT_ACTIVE_COMPILATION_CONDITIONS = DEBUG;
				SWIFT_OPTIMIZATION_LEVEL = "-Onone";
			};
			name = Debug;
		};
		312DB55D1F6CD10A0055A1BD /* Release */ = {
			isa = XCBuildConfiguration;
			buildSettings = {
				ALWAYS_SEARCH_USER_PATHS = NO;
				CLANG_ANALYZER_NONNULL = YES;
				CLANG_ANALYZER_NUMBER_OBJECT_CONVERSION = YES_AGGRESSIVE;
				CLANG_CXX_LANGUAGE_STANDARD = "gnu++14";
				CLANG_CXX_LIBRARY = "libc++";
				CLANG_ENABLE_MODULES = YES;
				CLANG_ENABLE_OBJC_ARC = YES;
				CLANG_WARN_BLOCK_CAPTURE_AUTORELEASING = YES;
				CLANG_WARN_BOOL_CONVERSION = YES;
				CLANG_WARN_COMMA = YES;
				CLANG_WARN_CONSTANT_CONVERSION = YES;
				CLANG_WARN_DIRECT_OBJC_ISA_USAGE = YES_ERROR;
				CLANG_WARN_DOCUMENTATION_COMMENTS = YES;
				CLANG_WARN_EMPTY_BODY = YES;
				CLANG_WARN_ENUM_CONVERSION = YES;
				CLANG_WARN_INFINITE_RECURSION = YES;
				CLANG_WARN_INT_CONVERSION = YES;
				CLANG_WARN_NON_LITERAL_NULL_CONVERSION = YES;
				CLANG_WARN_OBJC_LITERAL_CONVERSION = YES;
				CLANG_WARN_OBJC_ROOT_CLASS = YES_ERROR;
				CLANG_WARN_RANGE_LOOP_ANALYSIS = YES;
				CLANG_WARN_STRICT_PROTOTYPES = YES;
				CLANG_WARN_SUSPICIOUS_MOVE = YES;
				CLANG_WARN_UNGUARDED_AVAILABILITY = YES_AGGRESSIVE;
				CLANG_WARN_UNREACHABLE_CODE = YES;
				CLANG_WARN__DUPLICATE_METHOD_MATCH = YES;
				CODE_SIGN_IDENTITY = "iPhone Developer";
				COPY_PHASE_STRIP = NO;
				DEBUG_INFORMATION_FORMAT = "dwarf-with-dsym";
				ENABLE_NS_ASSERTIONS = NO;
				ENABLE_STRICT_OBJC_MSGSEND = YES;
				GCC_C_LANGUAGE_STANDARD = gnu11;
				GCC_NO_COMMON_BLOCKS = YES;
				GCC_WARN_64_TO_32_BIT_CONVERSION = YES;
				GCC_WARN_ABOUT_RETURN_TYPE = YES_ERROR;
				GCC_WARN_UNDECLARED_SELECTOR = YES;
				GCC_WARN_UNINITIALIZED_AUTOS = YES_AGGRESSIVE;
				GCC_WARN_UNUSED_FUNCTION = YES;
				GCC_WARN_UNUSED_VARIABLE = YES;
				IPHONEOS_DEPLOYMENT_TARGET = 11.0;
				MTL_ENABLE_DEBUG_INFO = NO;
				SDKROOT = iphoneos;
				SWIFT_OPTIMIZATION_LEVEL = "-Owholemodule";
				VALIDATE_PRODUCT = YES;
			};
			name = Release;
		};
		312DB55F1F6CD10A0055A1BD /* Debug */ = {
			isa = XCBuildConfiguration;
			buildSettings = {
				ASSETCATALOG_COMPILER_APPICON_NAME = AppIcon;
				CODE_SIGN_STYLE = Automatic;
				INFOPLIST_FILE = DemoSingleScreenApp/Info.plist;
				LD_RUNPATH_SEARCH_PATHS = "$(inherited) @executable_path/Frameworks";
				PRODUCT_BUNDLE_IDENTIFIER = com.DemoSingleScreenAppJoshNicholls.DemoSingleScreenApp;
				PRODUCT_NAME = "$(TARGET_NAME)";
				SWIFT_VERSION = 4.0;
				TARGETED_DEVICE_FAMILY = "1,2";
			};
			name = Debug;
		};
		312DB5601F6CD10A0055A1BD /* Release */ = {
			isa = XCBuildConfiguration;
			buildSettings = {
				ASSETCATALOG_COMPILER_APPICON_NAME = AppIcon;
				CODE_SIGN_STYLE = Automatic;
				INFOPLIST_FILE = DemoSingleScreenApp/Info.plist;
				LD_RUNPATH_SEARCH_PATHS = "$(inherited) @executable_path/Frameworks";
				PRODUCT_BUNDLE_IDENTIFIER = com.DemoSingleScreenAppJoshNicholls.DemoSingleScreenApp;
				PRODUCT_NAME = "$(TARGET_NAME)";
				SWIFT_VERSION = 4.0;
				TARGETED_DEVICE_FAMILY = "1,2";
			};
			name = Release;
		};
/* End XCBuildConfiguration section */

/* Begin XCConfigurationList section */
		312DB5471F6CD10A0055A1BD /* Build configuration list for PBXProject "DemoSingleScreenApp" */ = {
			isa = XCConfigurationList;
			buildConfigurations = (
				312DB55C1F6CD10A0055A1BD /* Debug */,
				312DB55D1F6CD10A0055A1BD /* Release */,
			);
			defaultConfigurationIsVisible = 0;
			defaultConfigurationName = Release;
		};
		312DB55E1F6CD10A0055A1BD /* Build configuration list for PBXNativeTarget "DemoSingleScreenApp" */ = {
			isa = XCConfigurationList;
			buildConfigurations = (
				312DB55F1F6CD10A0055A1BD /* Debug */,
				312DB5601F6CD10A0055A1BD /* Release */,
			);
			defaultConfigurationIsVisible = 0;
			defaultConfigurationName = Release;
		};
/* End XCConfigurationList section */
	};
	rootObject = 312DB5441F6CD10A0055A1BD /* Project object */;
}
